PODS:
  - Nimble (9.2.0)
  - Quick (4.0.0)
  - SwiftLint (0.43.1)
  - TPPDF (1.6.0):
    - SwiftLint

DEPENDENCIES:
  - Nimble
  - Quick
  - TPPDF (from `../`)

SPEC REPOS:
  trunk:
    - Nimble
    - Quick
    - SwiftLint

EXTERNAL SOURCES:
  TPPDF:
    :path: "../"

SPEC CHECKSUMS:
  Nimble: 4f4a345c80b503b3ea13606a4f98405974ee4d0b
  Quick: 6473349e43b9271a8d43839d9ba1c442ed1b7ac4
  SwiftLint: 99f82d07b837b942dd563c668de129a03fc3fb52
  TPPDF: 271b0c08c7ee8b7cb4839c850af8591e6abc746d

PODFILE CHECKSUM: cf5a3aa3d08bb61b75fd3d5ecc57eb5e2d01d8a9

COCOAPODS: 1.8.4
