PODS:
  - Nimble (8.0.8)
  - Quick (2.2.0)
  - SwiftLint (0.39.2)
  - TPPDF (1.6.0):
    - SwiftLint

DEPENDENCIES:
  - Nimble
  - Quick
  - TPPDF (from `../`)

SPEC REPOS:
  trunk:
    - Nimble
    - Quick
    - SwiftLint

EXTERNAL SOURCES:
  TPPDF:
    :path: "../"

SPEC CHECKSUMS:
  Nimble: 2da33c44adfde49552d4a6b3ef16039a45bf8dca
  Quick: 7fb19e13be07b5dfb3b90d4f9824c855a11af40e
  SwiftLint: 22ccbbe3b8008684be5955693bab135e0ed6a447
  TPPDF: 271b0c08c7ee8b7cb4839c850af8591e6abc746d

PODFILE CHECKSUM: 3830bea8b3682f863fc5df78fe50f737f566ba5e

COCOAPODS: 1.8.4
